
Microsoft Visual Studio Solution File, Format Version 12.00
# Visual Studio 15
VisualStudioVersion = 15.0.28010.2046
MinimumVisualStudioVersion = 10.0.40219.1
Project("{FAE04EC0-301F-11D3-BF4B-00C04F79EFBC}") = "AppText.Core", "src\AppText.Core\AppText.Core.csproj", "{D518880E-2DA7-46CC-9913-B6846B1D6035}"
EndProject
Project("{FAE04EC0-301F-11D3-BF4B-00C04F79EFBC}") = "AppText.Api", "src\AppText.Api\AppText.Api.csproj", "{BB15B9A7-9740-4A9E-B6BB-B49627F2EF93}"
EndProject
Global
	GlobalSection(SolutionConfigurationPlatforms) = preSolution
		Debug|Any CPU = Debug|Any CPU
		Release|Any CPU = Release|Any CPU
	EndGlobalSection
	GlobalSection(ProjectConfigurationPlatforms) = postSolution
		{D518880E-2DA7-46CC-9913-B6846B1D6035}.Debug|Any CPU.ActiveCfg = Debug|Any CPU
		{D518880E-2DA7-46CC-9913-B6846B1D6035}.Debug|Any CPU.Build.0 = Debug|Any CPU
		{D518880E-2DA7-46CC-9913-B6846B1D6035}.Release|Any CPU.ActiveCfg = Release|Any CPU
		{D518880E-2DA7-46CC-9913-B6846B1D6035}.Release|Any CPU.Build.0 = Release|Any CPU
		{BB15B9A7-9740-4A9E-B6BB-B49627F2EF93}.Debug|Any CPU.ActiveCfg = Debug|Any CPU
		{BB15B9A7-9740-4A9E-B6BB-B49627F2EF93}.Debug|Any CPU.Build.0 = Debug|Any CPU
		{BB15B9A7-9740-4A9E-B6BB-B49627F2EF93}.Release|Any CPU.ActiveCfg = Release|Any CPU
		{BB15B9A7-9740-4A9E-B6BB-B49627F2EF93}.Release|Any CPU.Build.0 = Release|Any CPU
	EndGlobalSection
	GlobalSection(SolutionProperties) = preSolution
		HideSolutionNode = FALSE
	EndGlobalSection
	GlobalSection(ExtensibilityGlobals) = postSolution
		SolutionGuid = {40ADEBE8-E72E-4DC4-990A-46BFCC057D53}
	EndGlobalSection
EndGlobal
